// !$*UTF8*$!
{
	archiveVersion = 1;
	classes = {
	};
	objectVersion = 50;
	objects = {

/* Begin PBXBuildFile section */
		885DF6EA23FCD0EA00BB6E1D /* Main.storyboard in Resources */ = {isa = PBXBuildFile; fileRef = 885DF6E923FCD0EA00BB6E1D /* Main.storyboard */; };
		88DBDD92240BCED900F8012B /* PDFCreator.swift in Sources */ = {isa = PBXBuildFile; fileRef = 88DBDD91240BCED900F8012B /* PDFCreator.swift */; };
		88DBDD94240BCF4E00F8012B /* PDFPreviewViewController.swift in Sources */ = {isa = PBXBuildFile; fileRef = 88DBDD93240BCF4E00F8012B /* PDFPreviewViewController.swift */; };
		88F327F423FBF4B40085BBC8 /* MainScreenViewController.swift in Sources */ = {isa = PBXBuildFile; fileRef = 88F327F323FBF4B40085BBC8 /* MainScreenViewController.swift */; };
		FA0B7E36246A67F30048DCCA /* airNotFoundNew.pdf in Resources */ = {isa = PBXBuildFile; fileRef = FA0B7E35246A67F20048DCCA /* airNotFoundNew.pdf */; };
		FA0B7E4A246A798F0048DCCA /* hardAirFoundNew.pdf in Resources */ = {isa = PBXBuildFile; fileRef = FA0B7E48246A798F0048DCCA /* hardAirFoundNew.pdf */; };
		FA0B7E4C246A79D20048DCCA /* airFoundNew.pdf in Resources */ = {isa = PBXBuildFile; fileRef = FA0B7E4B246A79D20048DCCA /* airFoundNew.pdf */; };
		FA0B7E54246AA55A0048DCCA /* foundSignal.pdf in Resources */ = {isa = PBXBuildFile; fileRef = FA0B7E52246AA5590048DCCA /* foundSignal.pdf */; };
		FA0B7E56246AA75B0048DCCA /* hardFoundSignal.pdf in Resources */ = {isa = PBXBuildFile; fileRef = FA0B7E55246AA75A0048DCCA /* hardFoundSignal.pdf */; };
		FA1F35FD23DEB07000A8641C /* AppDelegate.swift in Sources */ = {isa = PBXBuildFile; fileRef = FA1F35FC23DEB07000A8641C /* AppDelegate.swift */; };
		FA1F35FF23DEB07000A8641C /* SceneDelegate.swift in Sources */ = {isa = PBXBuildFile; fileRef = FA1F35FE23DEB07000A8641C /* SceneDelegate.swift */; };
		FA1F360623DEB07300A8641C /* Assets.xcassets in Resources */ = {isa = PBXBuildFile; fileRef = FA1F360523DEB07300A8641C /* Assets.xcassets */; };
		FA1F360923DEB07300A8641C /* LaunchScreen.storyboard in Resources */ = {isa = PBXBuildFile; fileRef = FA1F360723DEB07300A8641C /* LaunchScreen.storyboard */; };
		FA457BD423FE7D2D0004CCBC /* SettingsTableController.swift in Sources */ = {isa = PBXBuildFile; fileRef = FA457BD323FE7D2D0004CCBC /* SettingsTableController.swift */; };
		FA457BD623FE7E430004CCBC /* TypeTableController.swift in Sources */ = {isa = PBXBuildFile; fileRef = FA457BD523FE7E430004CCBC /* TypeTableController.swift */; };
		FA60648223F7AD0000B2317A /* Formula.swift in Sources */ = {isa = PBXBuildFile; fileRef = FA60648123F7AD0000B2317A /* Formula.swift */; };
		FA6CA800245AF7AA00B430EA /* MarksViewController.swift in Sources */ = {isa = PBXBuildFile; fileRef = FA6CA7FF245AF7AA00B430EA /* MarksViewController.swift */; };
		FA724A6D241B46BC0000EA3A /* ValueTableController.swift in Sources */ = {isa = PBXBuildFile; fileRef = FA724A6C241B46BC0000EA3A /* ValueTableController.swift */; };
		FA756EBB246F6920007BB424 /* SimpleTableViewController.swift in Sources */ = {isa = PBXBuildFile; fileRef = FA756EBA246F6920007BB424 /* SimpleTableViewController.swift */; };
		FA7C12122456F044008F768F /* AboutTableViewController.swift in Sources */ = {isa = PBXBuildFile; fileRef = FA7C12112456F044008F768F /* AboutTableViewController.swift */; };
		FAB7125D2419061900CAF846 /* SettingsData.swift in Sources */ = {isa = PBXBuildFile; fileRef = FAB7125C2419061900CAF846 /* SettingsData.swift */; };
		FAE2AF2823FFC52B004FA92B /* .gitignore in Resources */ = {isa = PBXBuildFile; fileRef = FAE2AF2723FFC52B004FA92B /* .gitignore */; };
		FAF6AE94245BF73200BF4F2C /* Marks.pdf in Resources */ = {isa = PBXBuildFile; fileRef = FAF6AE93245BF73200BF4F2C /* Marks.pdf */; };
/* End PBXBuildFile section */

/* Begin PBXFileReference section */
		885DF6E923FCD0EA00BB6E1D /* Main.storyboard */ = {isa = PBXFileReference; fileEncoding = 4; lastKnownFileType = file.storyboard; path = Main.storyboard; sourceTree = "<group>"; };
		88DBDD91240BCED900F8012B /* PDFCreator.swift */ = {isa = PBXFileReference; lastKnownFileType = sourcecode.swift; path = PDFCreator.swift; sourceTree = "<group>"; };
		88DBDD93240BCF4E00F8012B /* PDFPreviewViewController.swift */ = {isa = PBXFileReference; lastKnownFileType = sourcecode.swift; path = PDFPreviewViewController.swift; sourceTree = "<group>"; };
		88F327F323FBF4B40085BBC8 /* MainScreenViewController.swift */ = {isa = PBXFileReference; lastKnownFileType = sourcecode.swift; path = MainScreenViewController.swift; sourceTree = "<group>"; };
		FA0B7E35246A67F20048DCCA /* airNotFoundNew.pdf */ = {isa = PBXFileReference; lastKnownFileType = image.pdf; path = airNotFoundNew.pdf; sourceTree = "<group>"; };
		FA0B7E48246A798F0048DCCA /* hardAirFoundNew.pdf */ = {isa = PBXFileReference; lastKnownFileType = image.pdf; path = hardAirFoundNew.pdf; sourceTree = "<group>"; };
		FA0B7E4B246A79D20048DCCA /* airFoundNew.pdf */ = {isa = PBXFileReference; lastKnownFileType = image.pdf; path = airFoundNew.pdf; sourceTree = "<group>"; };
		FA0B7E52246AA5590048DCCA /* foundSignal.pdf */ = {isa = PBXFileReference; lastKnownFileType = image.pdf; path = foundSignal.pdf; sourceTree = "<group>"; };
		FA0B7E55246AA75A0048DCCA /* hardFoundSignal.pdf */ = {isa = PBXFileReference; lastKnownFileType = image.pdf; path = hardFoundSignal.pdf; sourceTree = "<group>"; };
		FA16B226244F27C400B5B39C /* БрандМастер - ГДЗС.app */ = {isa = PBXFileReference; explicitFileType = wrapper.application; includeInIndex = 0; path = "БрандМастер - ГДЗС.app"; sourceTree = BUILT_PRODUCTS_DIR; };
		FA1F35FC23DEB07000A8641C /* AppDelegate.swift */ = {isa = PBXFileReference; lastKnownFileType = sourcecode.swift; path = AppDelegate.swift; sourceTree = "<group>"; };
		FA1F35FE23DEB07000A8641C /* SceneDelegate.swift */ = {isa = PBXFileReference; lastKnownFileType = sourcecode.swift; path = SceneDelegate.swift; sourceTree = "<group>"; };
		FA1F360523DEB07300A8641C /* Assets.xcassets */ = {isa = PBXFileReference; lastKnownFileType = folder.assetcatalog; path = Assets.xcassets; sourceTree = "<group>"; };
		FA1F360823DEB07300A8641C /* Base */ = {isa = PBXFileReference; lastKnownFileType = file.storyboard; name = Base; path = Base.lproj/LaunchScreen.storyboard; sourceTree = "<group>"; };
		FA1F360A23DEB07300A8641C /* Info.plist */ = {isa = PBXFileReference; lastKnownFileType = text.plist.xml; path = Info.plist; sourceTree = "<group>"; };
		FA457BD323FE7D2D0004CCBC /* SettingsTableController.swift */ = {isa = PBXFileReference; lastKnownFileType = sourcecode.swift; path = SettingsTableController.swift; sourceTree = "<group>"; };
		FA457BD523FE7E430004CCBC /* TypeTableController.swift */ = {isa = PBXFileReference; lastKnownFileType = sourcecode.swift; path = TypeTableController.swift; sourceTree = "<group>"; };
		FA60648123F7AD0000B2317A /* Formula.swift */ = {isa = PBXFileReference; lastKnownFileType = sourcecode.swift; path = Formula.swift; sourceTree = "<group>"; };
		FA6CA7FF245AF7AA00B430EA /* MarksViewController.swift */ = {isa = PBXFileReference; lastKnownFileType = sourcecode.swift; path = MarksViewController.swift; sourceTree = "<group>"; };
		FA724A6C241B46BC0000EA3A /* ValueTableController.swift */ = {isa = PBXFileReference; lastKnownFileType = sourcecode.swift; path = ValueTableController.swift; sourceTree = "<group>"; };
		FA756EBA246F6920007BB424 /* SimpleTableViewController.swift */ = {isa = PBXFileReference; lastKnownFileType = sourcecode.swift; path = SimpleTableViewController.swift; sourceTree = "<group>"; };
		FA7C12112456F044008F768F /* AboutTableViewController.swift */ = {isa = PBXFileReference; lastKnownFileType = sourcecode.swift; path = AboutTableViewController.swift; sourceTree = "<group>"; };
		FAB7125C2419061900CAF846 /* SettingsData.swift */ = {isa = PBXFileReference; lastKnownFileType = sourcecode.swift; path = SettingsData.swift; sourceTree = "<group>"; };
		FAE2AF2723FFC52B004FA92B /* .gitignore */ = {isa = PBXFileReference; lastKnownFileType = text; path = .gitignore; sourceTree = "<group>"; };
		FAF6AE93245BF73200BF4F2C /* Marks.pdf */ = {isa = PBXFileReference; lastKnownFileType = image.pdf; path = Marks.pdf; sourceTree = "<group>"; };
/* End PBXFileReference section */

/* Begin PBXFrameworksBuildPhase section */
		FA1F35F623DEB07000A8641C /* Frameworks */ = {
			isa = PBXFrameworksBuildPhase;
			buildActionMask = 2147483647;
			files = (
			);
			runOnlyForDeploymentPostprocessing = 0;
		};
/* End PBXFrameworksBuildPhase section */

/* Begin PBXGroup section */
		FA1F35F023DEB07000A8641C = {
			isa = PBXGroup;
			children = (
				FA1F35FB23DEB07000A8641C /* FireCalculator */,
				FA16B226244F27C400B5B39C /* БрандМастер - ГДЗС.app */,
			);
			sourceTree = "<group>";
		};
		FA1F35FB23DEB07000A8641C /* FireCalculator */ = {
			isa = PBXGroup;
			children = (
				FA0B7E52246AA5590048DCCA /* foundSignal.pdf */,
				FA0B7E55246AA75A0048DCCA /* hardFoundSignal.pdf */,
				FA0B7E4B246A79D20048DCCA /* airFoundNew.pdf */,
				FA0B7E48246A798F0048DCCA /* hardAirFoundNew.pdf */,
				FA0B7E35246A67F20048DCCA /* airNotFoundNew.pdf */,
				FAF6AE93245BF73200BF4F2C /* Marks.pdf */,
				FAB7125F2419063700CAF846 /* Data */,
				FA3156C8241A322E00D8206B /* View */,
				FAE2AF2723FFC52B004FA92B /* .gitignore */,
				FA1F360523DEB07300A8641C /* Assets.xcassets */,
				FA1F35FE23DEB07000A8641C /* SceneDelegate.swift */,
				FA1F35FC23DEB07000A8641C /* AppDelegate.swift */,
				FA1F360A23DEB07300A8641C /* Info.plist */,
			);
			path = FireCalculator;
			sourceTree = "<group>";
		};
		FA3156C8241A322E00D8206B /* View */ = {
			isa = PBXGroup;
			children = (
				FA1F360723DEB07300A8641C /* LaunchScreen.storyboard */,
				885DF6E923FCD0EA00BB6E1D /* Main.storyboard */,
				FA756EBA246F6920007BB424 /* SimpleTableViewController.swift */,
				88F327F323FBF4B40085BBC8 /* MainScreenViewController.swift */,
				88DBDD93240BCF4E00F8012B /* PDFPreviewViewController.swift */,
				FA457BD323FE7D2D0004CCBC /* SettingsTableController.swift */,
				FA457BD523FE7E430004CCBC /* TypeTableController.swift */,
				FA724A6C241B46BC0000EA3A /* ValueTableController.swift */,
				FA7C12112456F044008F768F /* AboutTableViewController.swift */,
				FA6CA7FF245AF7AA00B430EA /* MarksViewController.swift */,
			);
			path = View;
			sourceTree = "<group>";
		};
		FAB7125F2419063700CAF846 /* Data */ = {
			isa = PBXGroup;
			children = (
				88DBDD91240BCED900F8012B /* PDFCreator.swift */,
				FAB7125C2419061900CAF846 /* SettingsData.swift */,
				FA60648123F7AD0000B2317A /* Formula.swift */,
			);
			path = Data;
			sourceTree = "<group>";
		};
/* End PBXGroup section */

/* Begin PBXNativeTarget section */
		FA1F35F823DEB07000A8641C /* FireCalculator */ = {
			isa = PBXNativeTarget;
			buildConfigurationList = FA1F360D23DEB07300A8641C /* Build configuration list for PBXNativeTarget "FireCalculator" */;
			buildPhases = (
				FA1F35F523DEB07000A8641C /* Sources */,
				FA1F35F623DEB07000A8641C /* Frameworks */,
				FA1F35F723DEB07000A8641C /* Resources */,
			);
			buildRules = (
			);
			dependencies = (
			);
			name = FireCalculator;
			productName = FireCalculator;
			productReference = FA16B226244F27C400B5B39C /* БрандМастер - ГДЗС.app */;
			productType = "com.apple.product-type.application";
		};
/* End PBXNativeTarget section */

/* Begin PBXProject section */
		FA1F35F123DEB07000A8641C /* Project object */ = {
			isa = PBXProject;
			attributes = {
				LastSwiftUpdateCheck = 1140;
				LastUpgradeCheck = 1130;
				ORGANIZATIONNAME = "Alexey Orekhov";
				TargetAttributes = {
					FA1F35F823DEB07000A8641C = {
						CreatedOnToolsVersion = 11.3.1;
					};
				};
			};
			buildConfigurationList = FA1F35F423DEB07000A8641C /* Build configuration list for PBXProject "FireCalculator" */;
			compatibilityVersion = "Xcode 9.3";
			developmentRegion = en;
			hasScannedForEncodings = 0;
			knownRegions = (
				en,
				Base,
			);
			mainGroup = FA1F35F023DEB07000A8641C;
			productRefGroup = FA1F35F023DEB07000A8641C;
			projectDirPath = "";
			projectRoot = "";
			targets = (
				FA1F35F823DEB07000A8641C /* FireCalculator */,
			);
		};
/* End PBXProject section */

/* Begin PBXResourcesBuildPhase section */
		FA1F35F723DEB07000A8641C /* Resources */ = {
			isa = PBXResourcesBuildPhase;
			buildActionMask = 2147483647;
			files = (
				FAE2AF2823FFC52B004FA92B /* .gitignore in Resources */,
				FA0B7E54246AA55A0048DCCA /* foundSignal.pdf in Resources */,
				FA0B7E4C246A79D20048DCCA /* airFoundNew.pdf in Resources */,
				FA0B7E36246A67F30048DCCA /* airNotFoundNew.pdf in Resources */,
				885DF6EA23FCD0EA00BB6E1D /* Main.storyboard in Resources */,
				FA1F360923DEB07300A8641C /* LaunchScreen.storyboard in Resources */,
				FA0B7E4A246A798F0048DCCA /* hardAirFoundNew.pdf in Resources */,
				FA1F360623DEB07300A8641C /* Assets.xcassets in Resources */,
				FA0B7E56246AA75B0048DCCA /* hardFoundSignal.pdf in Resources */,
				FAF6AE94245BF73200BF4F2C /* Marks.pdf in Resources */,
			);
			runOnlyForDeploymentPostprocessing = 0;
		};
/* End PBXResourcesBuildPhase section */

/* Begin PBXSourcesBuildPhase section */
		FA1F35F523DEB07000A8641C /* Sources */ = {
			isa = PBXSourcesBuildPhase;
			buildActionMask = 2147483647;
			files = (
				FA1F35FD23DEB07000A8641C /* AppDelegate.swift in Sources */,
				FA1F35FF23DEB07000A8641C /* SceneDelegate.swift in Sources */,
				FAB7125D2419061900CAF846 /* SettingsData.swift in Sources */,
				FA7C12122456F044008F768F /* AboutTableViewController.swift in Sources */,
				88DBDD94240BCF4E00F8012B /* PDFPreviewViewController.swift in Sources */,
				FA6CA800245AF7AA00B430EA /* MarksViewController.swift in Sources */,
				FA756EBB246F6920007BB424 /* SimpleTableViewController.swift in Sources */,
				FA457BD623FE7E430004CCBC /* TypeTableController.swift in Sources */,
				FA724A6D241B46BC0000EA3A /* ValueTableController.swift in Sources */,
				FA457BD423FE7D2D0004CCBC /* SettingsTableController.swift in Sources */,
				FA60648223F7AD0000B2317A /* Formula.swift in Sources */,
				88F327F423FBF4B40085BBC8 /* MainScreenViewController.swift in Sources */,
				88DBDD92240BCED900F8012B /* PDFCreator.swift in Sources */,
			);
			runOnlyForDeploymentPostprocessing = 0;
		};
/* End PBXSourcesBuildPhase section */

/* Begin PBXVariantGroup section */
		FA1F360723DEB07300A8641C /* LaunchScreen.storyboard */ = {
			isa = PBXVariantGroup;
			children = (
				FA1F360823DEB07300A8641C /* Base */,
			);
			name = LaunchScreen.storyboard;
			sourceTree = "<group>";
		};
/* End PBXVariantGroup section */

/* Begin XCBuildConfiguration section */
		FA1F360B23DEB07300A8641C /* Debug */ = {
			isa = XCBuildConfiguration;
			buildSettings = {
				ALWAYS_SEARCH_USER_PATHS = NO;
				CLANG_ANALYZER_NONNULL = YES;
				CLANG_ANALYZER_NUMBER_OBJECT_CONVERSION = YES_AGGRESSIVE;
				CLANG_CXX_LANGUAGE_STANDARD = "gnu++14";
				CLANG_CXX_LIBRARY = "libc++";
				CLANG_ENABLE_MODULES = YES;
				CLANG_ENABLE_OBJC_ARC = YES;
				CLANG_ENABLE_OBJC_WEAK = YES;
				CLANG_WARN_BLOCK_CAPTURE_AUTORELEASING = YES;
				CLANG_WARN_BOOL_CONVERSION = YES;
				CLANG_WARN_COMMA = YES;
				CLANG_WARN_CONSTANT_CONVERSION = YES;
				CLANG_WARN_DEPRECATED_OBJC_IMPLEMENTATIONS = YES;
				CLANG_WARN_DIRECT_OBJC_ISA_USAGE = YES_ERROR;
				CLANG_WARN_DOCUMENTATION_COMMENTS = YES;
				CLANG_WARN_EMPTY_BODY = YES;
				CLANG_WARN_ENUM_CONVERSION = YES;
				CLANG_WARN_INFINITE_RECURSION = YES;
				CLANG_WARN_INT_CONVERSION = YES;
				CLANG_WARN_NON_LITERAL_NULL_CONVERSION = YES;
				CLANG_WARN_OBJC_IMPLICIT_RETAIN_SELF = YES;
				CLANG_WARN_OBJC_LITERAL_CONVERSION = YES;
				CLANG_WARN_OBJC_ROOT_CLASS = YES_ERROR;
				CLANG_WARN_RANGE_LOOP_ANALYSIS = YES;
				CLANG_WARN_STRICT_PROTOTYPES = YES;
				CLANG_WARN_SUSPICIOUS_MOVE = YES;
				CLANG_WARN_UNGUARDED_AVAILABILITY = YES_AGGRESSIVE;
				CLANG_WARN_UNREACHABLE_CODE = YES;
				CLANG_WARN__DUPLICATE_METHOD_MATCH = YES;
				COPY_PHASE_STRIP = NO;
				DEBUG_INFORMATION_FORMAT = dwarf;
				ENABLE_STRICT_OBJC_MSGSEND = YES;
				ENABLE_TESTABILITY = YES;
				GCC_C_LANGUAGE_STANDARD = gnu11;
				GCC_DYNAMIC_NO_PIC = NO;
				GCC_NO_COMMON_BLOCKS = YES;
				GCC_OPTIMIZATION_LEVEL = 0;
				GCC_PREPROCESSOR_DEFINITIONS = (
					"DEBUG=1",
					"$(inherited)",
				);
				GCC_WARN_64_TO_32_BIT_CONVERSION = YES;
				GCC_WARN_ABOUT_RETURN_TYPE = YES_ERROR;
				GCC_WARN_UNDECLARED_SELECTOR = YES;
				GCC_WARN_UNINITIALIZED_AUTOS = YES_AGGRESSIVE;
				GCC_WARN_UNUSED_FUNCTION = YES;
				GCC_WARN_UNUSED_VARIABLE = YES;
				IPHONEOS_DEPLOYMENT_TARGET = 13.0;
				MTL_ENABLE_DEBUG_INFO = INCLUDE_SOURCE;
				MTL_FAST_MATH = YES;
				ONLY_ACTIVE_ARCH = YES;
				SDKROOT = iphoneos;
				SWIFT_ACTIVE_COMPILATION_CONDITIONS = DEBUG;
				SWIFT_OPTIMIZATION_LEVEL = "-Onone";
			};
			name = Debug;
		};
		FA1F360C23DEB07300A8641C /* Release */ = {
			isa = XCBuildConfiguration;
			buildSettings = {
				ALWAYS_SEARCH_USER_PATHS = NO;
				CLANG_ANALYZER_NONNULL = YES;
				CLANG_ANALYZER_NUMBER_OBJECT_CONVERSION = YES_AGGRESSIVE;
				CLANG_CXX_LANGUAGE_STANDARD = "gnu++14";
				CLANG_CXX_LIBRARY = "libc++";
				CLANG_ENABLE_MODULES = YES;
				CLANG_ENABLE_OBJC_ARC = YES;
				CLANG_ENABLE_OBJC_WEAK = YES;
				CLANG_WARN_BLOCK_CAPTURE_AUTORELEASING = YES;
				CLANG_WARN_BOOL_CONVERSION = YES;
				CLANG_WARN_COMMA = YES;
				CLANG_WARN_CONSTANT_CONVERSION = YES;
				CLANG_WARN_DEPRECATED_OBJC_IMPLEMENTATIONS = YES;
				CLANG_WARN_DIRECT_OBJC_ISA_USAGE = YES_ERROR;
				CLANG_WARN_DOCUMENTATION_COMMENTS = YES;
				CLANG_WARN_EMPTY_BODY = YES;
				CLANG_WARN_ENUM_CONVERSION = YES;
				CLANG_WARN_INFINITE_RECURSION = YES;
				CLANG_WARN_INT_CONVERSION = YES;
				CLANG_WARN_NON_LITERAL_NULL_CONVERSION = YES;
				CLANG_WARN_OBJC_IMPLICIT_RETAIN_SELF = YES;
				CLANG_WARN_OBJC_LITERAL_CONVERSION = YES;
				CLANG_WARN_OBJC_ROOT_CLASS = YES_ERROR;
				CLANG_WARN_RANGE_LOOP_ANALYSIS = YES;
				CLANG_WARN_STRICT_PROTOTYPES = YES;
				CLANG_WARN_SUSPICIOUS_MOVE = YES;
				CLANG_WARN_UNGUARDED_AVAILABILITY = YES_AGGRESSIVE;
				CLANG_WARN_UNREACHABLE_CODE = YES;
				CLANG_WARN__DUPLICATE_METHOD_MATCH = YES;
				COPY_PHASE_STRIP = NO;
				DEBUG_INFORMATION_FORMAT = "dwarf-with-dsym";
				ENABLE_NS_ASSERTIONS = NO;
				ENABLE_STRICT_OBJC_MSGSEND = YES;
				GCC_C_LANGUAGE_STANDARD = gnu11;
				GCC_NO_COMMON_BLOCKS = YES;
				GCC_WARN_64_TO_32_BIT_CONVERSION = YES;
				GCC_WARN_ABOUT_RETURN_TYPE = YES_ERROR;
				GCC_WARN_UNDECLARED_SELECTOR = YES;
				GCC_WARN_UNINITIALIZED_AUTOS = YES_AGGRESSIVE;
				GCC_WARN_UNUSED_FUNCTION = YES;
				GCC_WARN_UNUSED_VARIABLE = YES;
				IPHONEOS_DEPLOYMENT_TARGET = 13.0;
				MTL_ENABLE_DEBUG_INFO = NO;
				MTL_FAST_MATH = YES;
				SDKROOT = iphoneos;
				SWIFT_COMPILATION_MODE = wholemodule;
				SWIFT_OPTIMIZATION_LEVEL = "-O";
				VALIDATE_PRODUCT = YES;
			};
			name = Release;
		};
		FA1F360E23DEB07300A8641C /* Debug */ = {
			isa = XCBuildConfiguration;
			buildSettings = {
				ASSETCATALOG_COMPILER_APPICON_NAME = AppIcon;
				CODE_SIGN_STYLE = Automatic;
				CURRENT_PROJECT_VERSION = 3;
				DEVELOPMENT_TEAM = 95Q7BF5S85;
				INFOPLIST_FILE = FireCalculator/Info.plist;
				IPHONEOS_DEPLOYMENT_TARGET = 13.0;
				LD_RUNPATH_SEARCH_PATHS = (
					"$(inherited)",
					"@executable_path/Frameworks",
				);
				MARKETING_VERSION = 0.9.0;
				PRODUCT_BUNDLE_IDENTIFIER = "Alexey-Orekhov.FireCalculator";
				PRODUCT_NAME = "БрандМастер - ГДЗС";
				SWIFT_VERSION = 5.0;
				TARGETED_DEVICE_FAMILY = 1;
			};
			name = Debug;
		};
		FA1F360F23DEB07300A8641C /* Release */ = {
			isa = XCBuildConfiguration;
			buildSettings = {
				ASSETCATALOG_COMPILER_APPICON_NAME = AppIcon;
				CODE_SIGN_STYLE = Automatic;
				CURRENT_PROJECT_VERSION = 3;
				DEVELOPMENT_TEAM = 95Q7BF5S85;
				INFOPLIST_FILE = FireCalculator/Info.plist;
				IPHONEOS_DEPLOYMENT_TARGET = 13.0;
				LD_RUNPATH_SEARCH_PATHS = (
					"$(inherited)",
					"@executable_path/Frameworks",
				);
				MARKETING_VERSION = 0.9.0;
				PRODUCT_BUNDLE_IDENTIFIER = "Alexey-Orekhov.FireCalculator";
				PRODUCT_NAME = "БрандМастер - ГДЗС";
				SWIFT_VERSION = 5.0;
				TARGETED_DEVICE_FAMILY = 1;
			};
			name = Release;
		};
/* End XCBuildConfiguration section */

/* Begin XCConfigurationList section */
		FA1F35F423DEB07000A8641C /* Build configuration list for PBXProject "FireCalculator" */ = {
			isa = XCConfigurationList;
			buildConfigurations = (
				FA1F360B23DEB07300A8641C /* Debug */,
				FA1F360C23DEB07300A8641C /* Release */,
			);
			defaultConfigurationIsVisible = 0;
			defaultConfigurationName = Release;
		};
		FA1F360D23DEB07300A8641C /* Build configuration list for PBXNativeTarget "FireCalculator" */ = {
			isa = XCConfigurationList;
			buildConfigurations = (
				FA1F360E23DEB07300A8641C /* Debug */,
				FA1F360F23DEB07300A8641C /* Release */,
			);
			defaultConfigurationIsVisible = 0;
			defaultConfigurationName = Release;
		};
/* End XCConfigurationList section */
	};
	rootObject = FA1F35F123DEB07000A8641C /* Project object */;
}
